
Microsoft Visual Studio Solution File, Format Version 12.00
# Visual Studio Version 17
VisualStudioVersion = 17.9.34723.18
MinimumVisualStudioVersion = 10.0.40219.1
Project("{9A19103F-16F7-4668-BE54-9A1E7A4F7556}") = "Test01", "Test01.csproj", "{D1B4F66D-B779-490E-AF37-76B55858906B}"
EndProject
Project("{FAE04EC0-301F-11D3-BF4B-00C04F79EFBC}") = "Test02", "..\Test02\Test02.csproj", "{7F7020A3-93D6-4C4D-AB2D-42C1B812BF5D}"
EndProject
Global
	GlobalSection(SolutionConfigurationPlatforms) = preSolution
		Debug|Any CPU = Debug|Any CPU
		Release|Any CPU = Release|Any CPU
	EndGlobalSection
	GlobalSection(ProjectConfigurationPlatforms) = postSolution
		{D1B4F66D-B779-490E-AF37-76B55858906B}.Debug|Any CPU.ActiveCfg = Debug|Any CPU
		{D1B4F66D-B779-490E-AF37-76B55858906B}.Debug|Any CPU.Build.0 = Debug|Any CPU
		{D1B4F66D-B779-490E-AF37-76B55858906B}.Release|Any CPU.ActiveCfg = Release|Any CPU
		{D1B4F66D-B779-490E-AF37-76B55858906B}.Release|Any CPU.Build.0 = Release|Any CPU
		{7F7020A3-93D6-4C4D-AB2D-42C1B812BF5D}.Debug|Any CPU.ActiveCfg = Debug|Any CPU
		{7F7020A3-93D6-4C4D-AB2D-42C1B812BF5D}.Debug|Any CPU.Build.0 = Debug|Any CPU
		{7F7020A3-93D6-4C4D-AB2D-42C1B812BF5D}.Release|Any CPU.ActiveCfg = Release|Any CPU
		{7F7020A3-93D6-4C4D-AB2D-42C1B812BF5D}.Release|Any CPU.Build.0 = Release|Any CPU
	EndGlobalSection
	GlobalSection(SolutionProperties) = preSolution
		HideSolutionNode = FALSE
	EndGlobalSection
	GlobalSection(ExtensibilityGlobals) = postSolution
		SolutionGuid = {AD348242-5D7F-4CD4-B892-5A8D4ED7111B}
	EndGlobalSection
EndGlobal
